
Microsoft Visual Studio Solution File, Format Version 12.00
# Visual Studio Version 17
VisualStudioVersion = 17.11.35222.181
MinimumVisualStudioVersion = 10.0.40219.1
Project("{8BC9CEB8-8B4A-11D0-8D11-00A0C91BC942}") = "1Competitive", "Problem-1\1Competitive\Competitive1.vcxproj", "{ADE0B661-731A-4EFD-A8CC-34A97C18EABB}"
EndProject
Project("{8BC9CEB8-8B4A-11D0-8D11-00A0C91BC942}") = "1Naive", "Problem-1\1Naive\Naive1.vcxproj", "{19D6AE38-D849-488F-9B23-E0E06FDA7029}"
EndProject
Project("{8BC9CEB8-8B4A-11D0-8D11-00A0C91BC942}") = "1Optimized", "Problem-1\1Optimized\Optimized1.vcxproj", "{86DC35D5-2EB1-4983-9011-358A701F05C5}"
EndProject
Project("{8BC9CEB8-8B4A-11D0-8D11-00A0C91BC942}") = "1ParallelFastType", "Problem-1\1Parallel\Parallel1.vcxproj", "{4D2A40BF-27AB-41CE-99B2-6F1156CD2E46}"
EndProject
Project("{8BC9CEB8-8B4A-11D0-8D11-00A0C91BC942}") = "2OtimizadoFrank", "Problem-2\2OtimizadoFrank\2OtimizadoFrank.vcxproj", "{FC686270-C2AC-4E91-8784-28F31F2CE3DE}"
EndProject
Project("{8BC9CEB8-8B4A-11D0-8D11-00A0C91BC942}") = "1AlgorithmBIT", "Problem-1\1AlgorithmBIT\1AlgorithmBIT.vcxproj", "{6F78757A-13F0-4AFA-9835-2F9338E54A5E}"
EndProject
Project("{8BC9CEB8-8B4A-11D0-8D11-00A0C91BC942}") = "3Naive", "Problem-3\3Naive\3Naive.vcxproj", "{8E6A0DE1-8FF9-4924-9C7D-DA64E869B16C}"
EndProject
Project("{8BC9CEB8-8B4A-11D0-8D11-00A0C91BC942}") = "4Naive", "Problem-4\4Naive\4Naive.vcxproj", "{61733C28-F695-4E08-8664-1056582939CE}"
EndProject
Global
	GlobalSection(SolutionConfigurationPlatforms) = preSolution
		Debug|x64 = Debug|x64
		Debug|x86 = Debug|x86
		Release|x64 = Release|x64
		Release|x86 = Release|x86
	EndGlobalSection
	GlobalSection(ProjectConfigurationPlatforms) = postSolution
		{ADE0B661-731A-4EFD-A8CC-34A97C18EABB}.Debug|x64.ActiveCfg = Debug|x64
		{ADE0B661-731A-4EFD-A8CC-34A97C18EABB}.Debug|x64.Build.0 = Debug|x64
		{ADE0B661-731A-4EFD-A8CC-34A97C18EABB}.Debug|x86.ActiveCfg = Debug|Win32
		{ADE0B661-731A-4EFD-A8CC-34A97C18EABB}.Debug|x86.Build.0 = Debug|Win32
		{ADE0B661-731A-4EFD-A8CC-34A97C18EABB}.Release|x64.ActiveCfg = Release|x64
		{ADE0B661-731A-4EFD-A8CC-34A97C18EABB}.Release|x64.Build.0 = Release|x64
		{ADE0B661-731A-4EFD-A8CC-34A97C18EABB}.Release|x86.ActiveCfg = Release|Win32
		{ADE0B661-731A-4EFD-A8CC-34A97C18EABB}.Release|x86.Build.0 = Release|Win32
		{19D6AE38-D849-488F-9B23-E0E06FDA7029}.Debug|x64.ActiveCfg = Debug|x64
		{19D6AE38-D849-488F-9B23-E0E06FDA7029}.Debug|x64.Build.0 = Debug|x64
		{19D6AE38-D849-488F-9B23-E0E06FDA7029}.Debug|x86.ActiveCfg = Debug|Win32
		{19D6AE38-D849-488F-9B23-E0E06FDA7029}.Debug|x86.Build.0 = Debug|Win32
		{19D6AE38-D849-488F-9B23-E0E06FDA7029}.Release|x64.ActiveCfg = Release|x64
		{19D6AE38-D849-488F-9B23-E0E06FDA7029}.Release|x64.Build.0 = Release|x64
		{19D6AE38-D849-488F-9B23-E0E06FDA7029}.Release|x86.ActiveCfg = Release|Win32
		{19D6AE38-D849-488F-9B23-E0E06FDA7029}.Release|x86.Build.0 = Release|Win32
		{86DC35D5-2EB1-4983-9011-358A701F05C5}.Debug|x64.ActiveCfg = Debug|x64
		{86DC35D5-2EB1-4983-9011-358A701F05C5}.Debug|x64.Build.0 = Debug|x64
		{86DC35D5-2EB1-4983-9011-358A701F05C5}.Debug|x86.ActiveCfg = Debug|Win32
		{86DC35D5-2EB1-4983-9011-358A701F05C5}.Debug|x86.Build.0 = Debug|Win32
		{86DC35D5-2EB1-4983-9011-358A701F05C5}.Release|x64.ActiveCfg = Release|x64
		{86DC35D5-2EB1-4983-9011-358A701F05C5}.Release|x64.Build.0 = Release|x64
		{86DC35D5-2EB1-4983-9011-358A701F05C5}.Release|x86.ActiveCfg = Release|Win32
		{86DC35D5-2EB1-4983-9011-358A701F05C5}.Release|x86.Build.0 = Release|Win32
		{4D2A40BF-27AB-41CE-99B2-6F1156CD2E46}.Debug|x64.ActiveCfg = Debug|x64
		{4D2A40BF-27AB-41CE-99B2-6F1156CD2E46}.Debug|x64.Build.0 = Debug|x64
		{4D2A40BF-27AB-41CE-99B2-6F1156CD2E46}.Debug|x86.ActiveCfg = Debug|Win32
		{4D2A40BF-27AB-41CE-99B2-6F1156CD2E46}.Debug|x86.Build.0 = Debug|Win32
		{4D2A40BF-27AB-41CE-99B2-6F1156CD2E46}.Release|x64.ActiveCfg = Release|x64
		{4D2A40BF-27AB-41CE-99B2-6F1156CD2E46}.Release|x64.Build.0 = Release|x64
		{4D2A40BF-27AB-41CE-99B2-6F1156CD2E46}.Release|x86.ActiveCfg = Release|Win32
		{4D2A40BF-27AB-41CE-99B2-6F1156CD2E46}.Release|x86.Build.0 = Release|Win32
		{FC686270-C2AC-4E91-8784-28F31F2CE3DE}.Debug|x64.ActiveCfg = Debug|x64
		{FC686270-C2AC-4E91-8784-28F31F2CE3DE}.Debug|x64.Build.0 = Debug|x64
		{FC686270-C2AC-4E91-8784-28F31F2CE3DE}.Debug|x86.ActiveCfg = Debug|Win32
		{FC686270-C2AC-4E91-8784-28F31F2CE3DE}.Debug|x86.Build.0 = Debug|Win32
		{FC686270-C2AC-4E91-8784-28F31F2CE3DE}.Release|x64.ActiveCfg = Release|x64
		{FC686270-C2AC-4E91-8784-28F31F2CE3DE}.Release|x64.Build.0 = Release|x64
		{FC686270-C2AC-4E91-8784-28F31F2CE3DE}.Release|x86.ActiveCfg = Release|Win32
		{FC686270-C2AC-4E91-8784-28F31F2CE3DE}.Release|x86.Build.0 = Release|Win32
		{6F78757A-13F0-4AFA-9835-2F9338E54A5E}.Debug|x64.ActiveCfg = Debug|x64
		{6F78757A-13F0-4AFA-9835-2F9338E54A5E}.Debug|x64.Build.0 = Debug|x64
		{6F78757A-13F0-4AFA-9835-2F9338E54A5E}.Debug|x86.ActiveCfg = Debug|Win32
		{6F78757A-13F0-4AFA-9835-2F9338E54A5E}.Debug|x86.Build.0 = Debug|Win32
		{6F78757A-13F0-4AFA-9835-2F9338E54A5E}.Release|x64.ActiveCfg = Release|x64
		{6F78757A-13F0-4AFA-9835-2F9338E54A5E}.Release|x64.Build.0 = Release|x64
		{6F78757A-13F0-4AFA-9835-2F9338E54A5E}.Release|x86.ActiveCfg = Release|Win32
		{6F78757A-13F0-4AFA-9835-2F9338E54A5E}.Release|x86.Build.0 = Release|Win32
		{8E6A0DE1-8FF9-4924-9C7D-DA64E869B16C}.Debug|x64.ActiveCfg = Debug|x64
		{8E6A0DE1-8FF9-4924-9C7D-DA64E869B16C}.Debug|x64.Build.0 = Debug|x64
		{8E6A0DE1-8FF9-4924-9C7D-DA64E869B16C}.Debug|x86.ActiveCfg = Debug|Win32
		{8E6A0DE1-8FF9-4924-9C7D-DA64E869B16C}.Debug|x86.Build.0 = Debug|Win32
		{8E6A0DE1-8FF9-4924-9C7D-DA64E869B16C}.Release|x64.ActiveCfg = Release|x64
		{8E6A0DE1-8FF9-4924-9C7D-DA64E869B16C}.Release|x64.Build.0 = Release|x64
		{8E6A0DE1-8FF9-4924-9C7D-DA64E869B16C}.Release|x86.ActiveCfg = Release|Win32
		{8E6A0DE1-8FF9-4924-9C7D-DA64E869B16C}.Release|x86.Build.0 = Release|Win32
		{61733C28-F695-4E08-8664-1056582939CE}.Debug|x64.ActiveCfg = Debug|x64
		{61733C28-F695-4E08-8664-1056582939CE}.Debug|x64.Build.0 = Debug|x64
		{61733C28-F695-4E08-8664-1056582939CE}.Debug|x86.ActiveCfg = Debug|Win32
		{61733C28-F695-4E08-8664-1056582939CE}.Debug|x86.Build.0 = Debug|Win32
		{61733C28-F695-4E08-8664-1056582939CE}.Release|x64.ActiveCfg = Release|x64
		{61733C28-F695-4E08-8664-1056582939CE}.Release|x64.Build.0 = Release|x64
		{61733C28-F695-4E08-8664-1056582939CE}.Release|x86.ActiveCfg = Release|Win32
		{61733C28-F695-4E08-8664-1056582939CE}.Release|x86.Build.0 = Release|Win32
	EndGlobalSection
	GlobalSection(SolutionProperties) = preSolution
		HideSolutionNode = FALSE
	EndGlobalSection
	GlobalSection(ExtensibilityGlobals) = postSolution
		SolutionGuid = {E1A87810-4944-401E-A11D-EFAC799DB113}
	EndGlobalSection
EndGlobal
